
Microsoft Visual Studio Solution File, Format Version 12.00
# Visual Studio Version 16
VisualStudioVersion = 16.0.30611.23
MinimumVisualStudioVersion = 10.0.40219.1
Project("{FAE04EC0-301F-11D3-BF4B-00C04F79EFBC}") = "Design-Patterns", "Design-Patterns\Design-Patterns.csproj", "{6C107CA3-A0F3-4486-A0B9-93712DA55952}"
EndProject
Global
	GlobalSection(SolutionConfigurationPlatforms) = preSolution
		Debug|Any CPU = Debug|Any CPU
		Release|Any CPU = Release|Any CPU
	EndGlobalSection
	GlobalSection(ProjectConfigurationPlatforms) = postSolution
		{6C107CA3-A0F3-4486-A0B9-93712DA55952}.Debug|Any CPU.ActiveCfg = Debug|Any CPU
		{6C107CA3-A0F3-4486-A0B9-93712DA55952}.Debug|Any CPU.Build.0 = Debug|Any CPU
		{6C107CA3-A0F3-4486-A0B9-93712DA55952}.Release|Any CPU.ActiveCfg = Release|Any CPU
		{6C107CA3-A0F3-4486-A0B9-93712DA55952}.Release|Any CPU.Build.0 = Release|Any CPU
	EndGlobalSection
	GlobalSection(SolutionProperties) = preSolution
		HideSolutionNode = FALSE
	EndGlobalSection
	GlobalSection(ExtensibilityGlobals) = postSolution
		SolutionGuid = {392A1C1F-85CF-42EE-879E-AAC37D0126CA}
	EndGlobalSection
EndGlobal
